
Microsoft Visual Studio Solution File, Format Version 12.00
# Visual Studio 15
VisualStudioVersion = 15.0.27703.2026
MinimumVisualStudioVersion = 10.0.40219.1
Project("{FAE04EC0-301F-11D3-BF4B-00C04F79EFBC}") = "despiertaVive.Android", "despiertaVive\despiertaVive.Android\despiertaVive.Android.csproj", "{F4F69D27-5FB1-4E8C-9E17-CC19B108BC67}"
EndProject
Project("{FAE04EC0-301F-11D3-BF4B-00C04F79EFBC}") = "despiertaVive.iOS", "despiertaVive\despiertaVive.iOS\despiertaVive.iOS.csproj", "{0AF43F31-CF54-4617-BC17-561AE3D46E97}"
EndProject
Project("{FAE04EC0-301F-11D3-BF4B-00C04F79EFBC}") = "despiertaVive.UWP", "despiertaVive\despiertaVive.UWP\despiertaVive.UWP.csproj", "{B2D2CC57-A993-4390-BFA6-777E78A9E6C2}"
EndProject
Project("{FAE04EC0-301F-11D3-BF4B-00C04F79EFBC}") = "despiertaVive", "despiertaVive\despiertaVive\despiertaVive.csproj", "{E94F22DD-319F-46F9-B6A4-19C2A8A5C246}"
EndProject
Global
	GlobalSection(SolutionConfigurationPlatforms) = preSolution
		Ad-Hoc|Any CPU = Ad-Hoc|Any CPU
		Ad-Hoc|ARM = Ad-Hoc|ARM
		Ad-Hoc|iPhone = Ad-Hoc|iPhone
		Ad-Hoc|iPhoneSimulator = Ad-Hoc|iPhoneSimulator
		Ad-Hoc|x64 = Ad-Hoc|x64
		Ad-Hoc|x86 = Ad-Hoc|x86
		AppStore|Any CPU = AppStore|Any CPU
		AppStore|ARM = AppStore|ARM
		AppStore|iPhone = AppStore|iPhone
		AppStore|iPhoneSimulator = AppStore|iPhoneSimulator
		AppStore|x64 = AppStore|x64
		AppStore|x86 = AppStore|x86
		Debug|Any CPU = Debug|Any CPU
		Debug|ARM = Debug|ARM
		Debug|iPhone = Debug|iPhone
		Debug|iPhoneSimulator = Debug|iPhoneSimulator
		Debug|x64 = Debug|x64
		Debug|x86 = Debug|x86
		Release|Any CPU = Release|Any CPU
		Release|ARM = Release|ARM
		Release|iPhone = Release|iPhone
		Release|iPhoneSimulator = Release|iPhoneSimulator
		Release|x64 = Release|x64
		Release|x86 = Release|x86
	EndGlobalSection
	GlobalSection(ProjectConfigurationPlatforms) = postSolution
		{F4F69D27-5FB1-4E8C-9E17-CC19B108BC67}.Ad-Hoc|Any CPU.ActiveCfg = Release|Any CPU
		{F4F69D27-5FB1-4E8C-9E17-CC19B108BC67}.Ad-Hoc|Any CPU.Build.0 = Release|Any CPU
		{F4F69D27-5FB1-4E8C-9E17-CC19B108BC67}.Ad-Hoc|Any CPU.Deploy.0 = Release|Any CPU
		{F4F69D27-5FB1-4E8C-9E17-CC19B108BC67}.Ad-Hoc|ARM.ActiveCfg = Release|Any CPU
		{F4F69D27-5FB1-4E8C-9E17-CC19B108BC67}.Ad-Hoc|ARM.Build.0 = Release|Any CPU
		{F4F69D27-5FB1-4E8C-9E17-CC19B108BC67}.Ad-Hoc|ARM.Deploy.0 = Release|Any CPU
		{F4F69D27-5FB1-4E8C-9E17-CC19B108BC67}.Ad-Hoc|iPhone.ActiveCfg = Release|Any CPU
		{F4F69D27-5FB1-4E8C-9E17-CC19B108BC67}.Ad-Hoc|iPhone.Build.0 = Release|Any CPU
		{F4F69D27-5FB1-4E8C-9E17-CC19B108BC67}.Ad-Hoc|iPhone.Deploy.0 = Release|Any CPU
		{F4F69D27-5FB1-4E8C-9E17-CC19B108BC67}.Ad-Hoc|iPhoneSimulator.ActiveCfg = Release|Any CPU
		{F4F69D27-5FB1-4E8C-9E17-CC19B108BC67}.Ad-Hoc|iPhoneSimulator.Build.0 = Release|Any CPU
		{F4F69D27-5FB1-4E8C-9E17-CC19B108BC67}.Ad-Hoc|iPhoneSimulator.Deploy.0 = Release|Any CPU
		{F4F69D27-5FB1-4E8C-9E17-CC19B108BC67}.Ad-Hoc|x64.ActiveCfg = Release|Any CPU
		{F4F69D27-5FB1-4E8C-9E17-CC19B108BC67}.Ad-Hoc|x64.Build.0 = Release|Any CPU
		{F4F69D27-5FB1-4E8C-9E17-CC19B108BC67}.Ad-Hoc|x64.Deploy.0 = Release|Any CPU
		{F4F69D27-5FB1-4E8C-9E17-CC19B108BC67}.Ad-Hoc|x86.ActiveCfg = Release|Any CPU
		{F4F69D27-5FB1-4E8C-9E17-CC19B108BC67}.Ad-Hoc|x86.Build.0 = Release|Any CPU
		{F4F69D27-5FB1-4E8C-9E17-CC19B108BC67}.Ad-Hoc|x86.Deploy.0 = Release|Any CPU
		{F4F69D27-5FB1-4E8C-9E17-CC19B108BC67}.AppStore|Any CPU.ActiveCfg = Release|Any CPU
		{F4F69D27-5FB1-4E8C-9E17-CC19B108BC67}.AppStore|Any CPU.Build.0 = Release|Any CPU
		{F4F69D27-5FB1-4E8C-9E17-CC19B108BC67}.AppStore|Any CPU.Deploy.0 = Release|Any CPU
		{F4F69D27-5FB1-4E8C-9E17-CC19B108BC67}.AppStore|ARM.ActiveCfg = Release|Any CPU
		{F4F69D27-5FB1-4E8C-9E17-CC19B108BC67}.AppStore|ARM.Build.0 = Release|Any CPU
		{F4F69D27-5FB1-4E8C-9E17-CC19B108BC67}.AppStore|ARM.Deploy.0 = Release|Any CPU
		{F4F69D27-5FB1-4E8C-9E17-CC19B108BC67}.AppStore|iPhone.ActiveCfg = Release|Any CPU
		{F4F69D27-5FB1-4E8C-9E17-CC19B108BC67}.AppStore|iPhone.Build.0 = Release|Any CPU
		{F4F69D27-5FB1-4E8C-9E17-CC19B108BC67}.AppStore|iPhone.Deploy.0 = Release|Any CPU
		{F4F69D27-5FB1-4E8C-9E17-CC19B108BC67}.AppStore|iPhoneSimulator.ActiveCfg = Release|Any CPU
		{F4F69D27-5FB1-4E8C-9E17-CC19B108BC67}.AppStore|iPhoneSimulator.Build.0 = Release|Any CPU
		{F4F69D27-5FB1-4E8C-9E17-CC19B108BC67}.AppStore|iPhoneSimulator.Deploy.0 = Release|Any CPU
		{F4F69D27-5FB1-4E8C-9E17-CC19B108BC67}.AppStore|x64.ActiveCfg = Release|Any CPU
		{F4F69D27-5FB1-4E8C-9E17-CC19B108BC67}.AppStore|x64.Build.0 = Release|Any CPU
		{F4F69D27-5FB1-4E8C-9E17-CC19B108BC67}.AppStore|x64.Deploy.0 = Release|Any CPU
		{F4F69D27-5FB1-4E8C-9E17-CC19B108BC67}.AppStore|x86.ActiveCfg = Release|Any CPU
		{F4F69D27-5FB1-4E8C-9E17-CC19B108BC67}.AppStore|x86.Build.0 = Release|Any CPU
		{F4F69D27-5FB1-4E8C-9E17-CC19B108BC67}.AppStore|x86.Deploy.0 = Release|Any CPU
		{F4F69D27-5FB1-4E8C-9E17-CC19B108BC67}.Debug|Any CPU.ActiveCfg = Debug|Any CPU
		{F4F69D27-5FB1-4E8C-9E17-CC19B108BC67}.Debug|Any CPU.Build.0 = Debug|Any CPU
		{F4F69D27-5FB1-4E8C-9E17-CC19B108BC67}.Debug|Any CPU.Deploy.0 = Debug|Any CPU
		{F4F69D27-5FB1-4E8C-9E17-CC19B108BC67}.Debug|ARM.ActiveCfg = Debug|Any CPU
		{F4F69D27-5FB1-4E8C-9E17-CC19B108BC67}.Debug|ARM.Build.0 = Debug|Any CPU
		{F4F69D27-5FB1-4E8C-9E17-CC19B108BC67}.Debug|ARM.Deploy.0 = Debug|Any CPU
		{F4F69D27-5FB1-4E8C-9E17-CC19B108BC67}.Debug|iPhone.ActiveCfg = Debug|Any CPU
		{F4F69D27-5FB1-4E8C-9E17-CC19B108BC67}.Debug|iPhone.Build.0 = Debug|Any CPU
		{F4F69D27-5FB1-4E8C-9E17-CC19B108BC67}.Debug|iPhone.Deploy.0 = Debug|Any CPU
		{F4F69D27-5FB1-4E8C-9E17-CC19B108BC67}.Debug|iPhoneSimulator.ActiveCfg = Debug|Any CPU
		{F4F69D27-5FB1-4E8C-9E17-CC19B108BC67}.Debug|iPhoneSimulator.Build.0 = Debug|Any CPU
		{F4F69D27-5FB1-4E8C-9E17-CC19B108BC67}.Debug|iPhoneSimulator.Deploy.0 = Debug|Any CPU
		{F4F69D27-5FB1-4E8C-9E17-CC19B108BC67}.Debug|x64.ActiveCfg = Debug|Any CPU
		{F4F69D27-5FB1-4E8C-9E17-CC19B108BC67}.Debug|x64.Build.0 = Debug|Any CPU
		{F4F69D27-5FB1-4E8C-9E17-CC19B108BC67}.Debug|x64.Deploy.0 = Debug|Any CPU
		{F4F69D27-5FB1-4E8C-9E17-CC19B108BC67}.Debug|x86.ActiveCfg = Debug|Any CPU
		{F4F69D27-5FB1-4E8C-9E17-CC19B108BC67}.Debug|x86.Build.0 = Debug|Any CPU
		{F4F69D27-5FB1-4E8C-9E17-CC19B108BC67}.Debug|x86.Deploy.0 = Debug|Any CPU
		{F4F69D27-5FB1-4E8C-9E17-CC19B108BC67}.Release|Any CPU.ActiveCfg = Release|Any CPU
		{F4F69D27-5FB1-4E8C-9E17-CC19B108BC67}.Release|Any CPU.Build.0 = Release|Any CPU
		{F4F69D27-5FB1-4E8C-9E17-CC19B108BC67}.Release|Any CPU.Deploy.0 = Release|Any CPU
		{F4F69D27-5FB1-4E8C-9E17-CC19B108BC67}.Release|ARM.ActiveCfg = Release|Any CPU
		{F4F69D27-5FB1-4E8C-9E17-CC19B108BC67}.Release|ARM.Build.0 = Release|Any CPU
		{F4F69D27-5FB1-4E8C-9E17-CC19B108BC67}.Release|ARM.Deploy.0 = Release|Any CPU
		{F4F69D27-5FB1-4E8C-9E17-CC19B108BC67}.Release|iPhone.ActiveCfg = Release|Any CPU
		{F4F69D27-5FB1-4E8C-9E17-CC19B108BC67}.Release|iPhone.Build.0 = Release|Any CPU
		{F4F69D27-5FB1-4E8C-9E17-CC19B108BC67}.Release|iPhone.Deploy.0 = Release|Any CPU
		{F4F69D27-5FB1-4E8C-9E17-CC19B108BC67}.Release|iPhoneSimulator.ActiveCfg = Release|Any CPU
		{F4F69D27-5FB1-4E8C-9E17-CC19B108BC67}.Release|iPhoneSimulator.Build.0 = Release|Any CPU
		{F4F69D27-5FB1-4E8C-9E17-CC19B108BC67}.Release|iPhoneSimulator.Deploy.0 = Release|Any CPU
		{F4F69D27-5FB1-4E8C-9E17-CC19B108BC67}.Release|x64.ActiveCfg = Release|Any CPU
		{F4F69D27-5FB1-4E8C-9E17-CC19B108BC67}.Release|x64.Build.0 = Release|Any CPU
		{F4F69D27-5FB1-4E8C-9E17-CC19B108BC67}.Release|x64.Deploy.0 = Release|Any CPU
		{F4F69D27-5FB1-4E8C-9E17-CC19B108BC67}.Release|x86.ActiveCfg = Release|Any CPU
		{F4F69D27-5FB1-4E8C-9E17-CC19B108BC67}.Release|x86.Build.0 = Release|Any CPU
		{F4F69D27-5FB1-4E8C-9E17-CC19B108BC67}.Release|x86.Deploy.0 = Release|Any CPU
		{0AF43F31-CF54-4617-BC17-561AE3D46E97}.Ad-Hoc|Any CPU.ActiveCfg = Ad-Hoc|iPhone
		{0AF43F31-CF54-4617-BC17-561AE3D46E97}.Ad-Hoc|Any CPU.Build.0 = Ad-Hoc|iPhone
		{0AF43F31-CF54-4617-BC17-561AE3D46E97}.Ad-Hoc|Any CPU.Deploy.0 = Ad-Hoc|iPhone
		{0AF43F31-CF54-4617-BC17-561AE3D46E97}.Ad-Hoc|ARM.ActiveCfg = Ad-Hoc|iPhone
		{0AF43F31-CF54-4617-BC17-561AE3D46E97}.Ad-Hoc|ARM.Build.0 = Ad-Hoc|iPhone
		{0AF43F31-CF54-4617-BC17-561AE3D46E97}.Ad-Hoc|ARM.Deploy.0 = Ad-Hoc|iPhone
		{0AF43F31-CF54-4617-BC17-561AE3D46E97}.Ad-Hoc|iPhone.ActiveCfg = Ad-Hoc|iPhone
		{0AF43F31-CF54-4617-BC17-561AE3D46E97}.Ad-Hoc|iPhone.Build.0 = Ad-Hoc|iPhone
		{0AF43F31-CF54-4617-BC17-561AE3D46E97}.Ad-Hoc|iPhone.Deploy.0 = Ad-Hoc|iPhone
		{0AF43F31-CF54-4617-BC17-561AE3D46E97}.Ad-Hoc|iPhoneSimulator.ActiveCfg = Ad-Hoc|iPhoneSimulator
		{0AF43F31-CF54-4617-BC17-561AE3D46E97}.Ad-Hoc|iPhoneSimulator.Build.0 = Ad-Hoc|iPhoneSimulator
		{0AF43F31-CF54-4617-BC17-561AE3D46E97}.Ad-Hoc|iPhoneSimulator.Deploy.0 = Ad-Hoc|iPhoneSimulator
		{0AF43F31-CF54-4617-BC17-561AE3D46E97}.Ad-Hoc|x64.ActiveCfg = Ad-Hoc|iPhone
		{0AF43F31-CF54-4617-BC17-561AE3D46E97}.Ad-Hoc|x64.Build.0 = Ad-Hoc|iPhone
		{0AF43F31-CF54-4617-BC17-561AE3D46E97}.Ad-Hoc|x64.Deploy.0 = Ad-Hoc|iPhone
		{0AF43F31-CF54-4617-BC17-561AE3D46E97}.Ad-Hoc|x86.ActiveCfg = Ad-Hoc|iPhone
		{0AF43F31-CF54-4617-BC17-561AE3D46E97}.Ad-Hoc|x86.Build.0 = Ad-Hoc|iPhone
		{0AF43F31-CF54-4617-BC17-561AE3D46E97}.Ad-Hoc|x86.Deploy.0 = Ad-Hoc|iPhone
		{0AF43F31-CF54-4617-BC17-561AE3D46E97}.AppStore|Any CPU.ActiveCfg = AppStore|iPhone
		{0AF43F31-CF54-4617-BC17-561AE3D46E97}.AppStore|Any CPU.Build.0 = AppStore|iPhone
		{0AF43F31-CF54-4617-BC17-561AE3D46E97}.AppStore|Any CPU.Deploy.0 = AppStore|iPhone
		{0AF43F31-CF54-4617-BC17-561AE3D46E97}.AppStore|ARM.ActiveCfg = AppStore|iPhone
		{0AF43F31-CF54-4617-BC17-561AE3D46E97}.AppStore|ARM.Build.0 = AppStore|iPhone
		{0AF43F31-CF54-4617-BC17-561AE3D46E97}.AppStore|ARM.Deploy.0 = AppStore|iPhone
		{0AF43F31-CF54-4617-BC17-561AE3D46E97}.AppStore|iPhone.ActiveCfg = AppStore|iPhone
		{0AF43F31-CF54-4617-BC17-561AE3D46E97}.AppStore|iPhone.Build.0 = AppStore|iPhone
		{0AF43F31-CF54-4617-BC17-561AE3D46E97}.AppStore|iPhone.Deploy.0 = AppStore|iPhone
		{0AF43F31-CF54-4617-BC17-561AE3D46E97}.AppStore|iPhoneSimulator.ActiveCfg = AppStore|iPhoneSimulator
		{0AF43F31-CF54-4617-BC17-561AE3D46E97}.AppStore|iPhoneSimulator.Build.0 = AppStore|iPhoneSimulator
		{0AF43F31-CF54-4617-BC17-561AE3D46E97}.AppStore|iPhoneSimulator.Deploy.0 = AppStore|iPhoneSimulator
		{0AF43F31-CF54-4617-BC17-561AE3D46E97}.AppStore|x64.ActiveCfg = AppStore|iPhone
		{0AF43F31-CF54-4617-BC17-561AE3D46E97}.AppStore|x64.Build.0 = AppStore|iPhone
		{0AF43F31-CF54-4617-BC17-561AE3D46E97}.AppStore|x64.Deploy.0 = AppStore|iPhone
		{0AF43F31-CF54-4617-BC17-561AE3D46E97}.AppStore|x86.ActiveCfg = AppStore|iPhone
		{0AF43F31-CF54-4617-BC17-561AE3D46E97}.AppStore|x86.Build.0 = AppStore|iPhone
		{0AF43F31-CF54-4617-BC17-561AE3D46E97}.AppStore|x86.Deploy.0 = AppStore|iPhone
		{0AF43F31-CF54-4617-BC17-561AE3D46E97}.Debug|Any CPU.ActiveCfg = Debug|iPhoneSimulator
		{0AF43F31-CF54-4617-BC17-561AE3D46E97}.Debug|Any CPU.Build.0 = Debug|iPhoneSimulator
		{0AF43F31-CF54-4617-BC17-561AE3D46E97}.Debug|Any CPU.Deploy.0 = Debug|iPhoneSimulator
		{0AF43F31-CF54-4617-BC17-561AE3D46E97}.Debug|ARM.ActiveCfg = Debug|iPhone
		{0AF43F31-CF54-4617-BC17-561AE3D46E97}.Debug|ARM.Build.0 = Debug|iPhone
		{0AF43F31-CF54-4617-BC17-561AE3D46E97}.Debug|ARM.Deploy.0 = Debug|iPhone
		{0AF43F31-CF54-4617-BC17-561AE3D46E97}.Debug|iPhone.ActiveCfg = Debug|iPhone
		{0AF43F31-CF54-4617-BC17-561AE3D46E97}.Debug|iPhone.Build.0 = Debug|iPhone
		{0AF43F31-CF54-4617-BC17-561AE3D46E97}.Debug|iPhone.Deploy.0 = Debug|iPhone
		{0AF43F31-CF54-4617-BC17-561AE3D46E97}.Debug|iPhoneSimulator.ActiveCfg = Debug|iPhoneSimulator
		{0AF43F31-CF54-4617-BC17-561AE3D46E97}.Debug|iPhoneSimulator.Build.0 = Debug|iPhoneSimulator
		{0AF43F31-CF54-4617-BC17-561AE3D46E97}.Debug|iPhoneSimulator.Deploy.0 = Debug|iPhoneSimulator
		{0AF43F31-CF54-4617-BC17-561AE3D46E97}.Debug|x64.ActiveCfg = Debug|iPhone
		{0AF43F31-CF54-4617-BC17-561AE3D46E97}.Debug|x64.Build.0 = Debug|iPhone
		{0AF43F31-CF54-4617-BC17-561AE3D46E97}.Debug|x64.Deploy.0 = Debug|iPhone
		{0AF43F31-CF54-4617-BC17-561AE3D46E97}.Debug|x86.ActiveCfg = Debug|iPhone
		{0AF43F31-CF54-4617-BC17-561AE3D46E97}.Debug|x86.Build.0 = Debug|iPhone
		{0AF43F31-CF54-4617-BC17-561AE3D46E97}.Debug|x86.Deploy.0 = Debug|iPhone
		{0AF43F31-CF54-4617-BC17-561AE3D46E97}.Release|Any CPU.ActiveCfg = Release|iPhone
		{0AF43F31-CF54-4617-BC17-561AE3D46E97}.Release|Any CPU.Build.0 = Release|iPhone
		{0AF43F31-CF54-4617-BC17-561AE3D46E97}.Release|Any CPU.Deploy.0 = Release|iPhone
		{0AF43F31-CF54-4617-BC17-561AE3D46E97}.Release|ARM.ActiveCfg = Release|iPhone
		{0AF43F31-CF54-4617-BC17-561AE3D46E97}.Release|ARM.Build.0 = Release|iPhone
		{0AF43F31-CF54-4617-BC17-561AE3D46E97}.Release|ARM.Deploy.0 = Release|iPhone
		{0AF43F31-CF54-4617-BC17-561AE3D46E97}.Release|iPhone.ActiveCfg = Release|iPhone
		{0AF43F31-CF54-4617-BC17-561AE3D46E97}.Release|iPhone.Build.0 = Release|iPhone
		{0AF43F31-CF54-4617-BC17-561AE3D46E97}.Release|iPhone.Deploy.0 = Release|iPhone
		{0AF43F31-CF54-4617-BC17-561AE3D46E97}.Release|iPhoneSimulator.ActiveCfg = Release|iPhoneSimulator
		{0AF43F31-CF54-4617-BC17-561AE3D46E97}.Release|iPhoneSimulator.Build.0 = Release|iPhoneSimulator
		{0AF43F31-CF54-4617-BC17-561AE3D46E97}.Release|iPhoneSimulator.Deploy.0 = Release|iPhoneSimulator
		{0AF43F31-CF54-4617-BC17-561AE3D46E97}.Release|x64.ActiveCfg = Release|iPhone
		{0AF43F31-CF54-4617-BC17-561AE3D46E97}.Release|x64.Build.0 = Release|iPhone
		{0AF43F31-CF54-4617-BC17-561AE3D46E97}.Release|x64.Deploy.0 = Release|iPhone
		{0AF43F31-CF54-4617-BC17-561AE3D46E97}.Release|x86.ActiveCfg = Release|iPhone
		{0AF43F31-CF54-4617-BC17-561AE3D46E97}.Release|x86.Build.0 = Release|iPhone
		{0AF43F31-CF54-4617-BC17-561AE3D46E97}.Release|x86.Deploy.0 = Release|iPhone
		{B2D2CC57-A993-4390-BFA6-777E78A9E6C2}.Ad-Hoc|Any CPU.ActiveCfg = Release|x86
		{B2D2CC57-A993-4390-BFA6-777E78A9E6C2}.Ad-Hoc|Any CPU.Build.0 = Release|x86
		{B2D2CC57-A993-4390-BFA6-777E78A9E6C2}.Ad-Hoc|Any CPU.Deploy.0 = Release|x86
		{B2D2CC57-A993-4390-BFA6-777E78A9E6C2}.Ad-Hoc|ARM.ActiveCfg = Release|ARM
		{B2D2CC57-A993-4390-BFA6-777E78A9E6C2}.Ad-Hoc|ARM.Build.0 = Release|ARM
		{B2D2CC57-A993-4390-BFA6-777E78A9E6C2}.Ad-Hoc|ARM.Deploy.0 = Release|ARM
		{B2D2CC57-A993-4390-BFA6-777E78A9E6C2}.Ad-Hoc|iPhone.ActiveCfg = Release|x86
		{B2D2CC57-A993-4390-BFA6-777E78A9E6C2}.Ad-Hoc|iPhone.Build.0 = Release|x86
		{B2D2CC57-A993-4390-BFA6-777E78A9E6C2}.Ad-Hoc|iPhone.Deploy.0 = Release|x86
		{B2D2CC57-A993-4390-BFA6-777E78A9E6C2}.Ad-Hoc|iPhoneSimulator.ActiveCfg = Release|x86
		{B2D2CC57-A993-4390-BFA6-777E78A9E6C2}.Ad-Hoc|iPhoneSimulator.Build.0 = Release|x86
		{B2D2CC57-A993-4390-BFA6-777E78A9E6C2}.Ad-Hoc|iPhoneSimulator.Deploy.0 = Release|x86
		{B2D2CC57-A993-4390-BFA6-777E78A9E6C2}.Ad-Hoc|x64.ActiveCfg = Release|x64
		{B2D2CC57-A993-4390-BFA6-777E78A9E6C2}.Ad-Hoc|x64.Build.0 = Release|x64
		{B2D2CC57-A993-4390-BFA6-777E78A9E6C2}.Ad-Hoc|x64.Deploy.0 = Release|x64
		{B2D2CC57-A993-4390-BFA6-777E78A9E6C2}.Ad-Hoc|x86.ActiveCfg = Release|x86
		{B2D2CC57-A993-4390-BFA6-777E78A9E6C2}.Ad-Hoc|x86.Build.0 = Release|x86
		{B2D2CC57-A993-4390-BFA6-777E78A9E6C2}.Ad-Hoc|x86.Deploy.0 = Release|x86
		{B2D2CC57-A993-4390-BFA6-777E78A9E6C2}.AppStore|Any CPU.ActiveCfg = Release|x86
		{B2D2CC57-A993-4390-BFA6-777E78A9E6C2}.AppStore|Any CPU.Build.0 = Release|x86
		{B2D2CC57-A993-4390-BFA6-777E78A9E6C2}.AppStore|Any CPU.Deploy.0 = Release|x86
		{B2D2CC57-A993-4390-BFA6-777E78A9E6C2}.AppStore|ARM.ActiveCfg = Release|ARM
		{B2D2CC57-A993-4390-BFA6-777E78A9E6C2}.AppStore|ARM.Build.0 = Release|ARM
		{B2D2CC57-A993-4390-BFA6-777E78A9E6C2}.AppStore|ARM.Deploy.0 = Release|ARM
		{B2D2CC57-A993-4390-BFA6-777E78A9E6C2}.AppStore|iPhone.ActiveCfg = Release|x86
		{B2D2CC57-A993-4390-BFA6-777E78A9E6C2}.AppStore|iPhone.Build.0 = Release|x86
		{B2D2CC57-A993-4390-BFA6-777E78A9E6C2}.AppStore|iPhone.Deploy.0 = Release|x86
		{B2D2CC57-A993-4390-BFA6-777E78A9E6C2}.AppStore|iPhoneSimulator.ActiveCfg = Release|x86
		{B2D2CC57-A993-4390-BFA6-777E78A9E6C2}.AppStore|iPhoneSimulator.Build.0 = Release|x86
		{B2D2CC57-A993-4390-BFA6-777E78A9E6C2}.AppStore|iPhoneSimulator.Deploy.0 = Release|x86
		{B2D2CC57-A993-4390-BFA6-777E78A9E6C2}.AppStore|x64.ActiveCfg = Release|x64
		{B2D2CC57-A993-4390-BFA6-777E78A9E6C2}.AppStore|x64.Build.0 = Release|x64
		{B2D2CC57-A993-4390-BFA6-777E78A9E6C2}.AppStore|x64.Deploy.0 = Release|x64
		{B2D2CC57-A993-4390-BFA6-777E78A9E6C2}.AppStore|x86.ActiveCfg = Release|x86
		{B2D2CC57-A993-4390-BFA6-777E78A9E6C2}.AppStore|x86.Build.0 = Release|x86
		{B2D2CC57-A993-4390-BFA6-777E78A9E6C2}.AppStore|x86.Deploy.0 = Release|x86
		{B2D2CC57-A993-4390-BFA6-777E78A9E6C2}.Debug|Any CPU.ActiveCfg = Debug|x86
		{B2D2CC57-A993-4390-BFA6-777E78A9E6C2}.Debug|Any CPU.Build.0 = Debug|x86
		{B2D2CC57-A993-4390-BFA6-777E78A9E6C2}.Debug|Any CPU.Deploy.0 = Debug|x86
		{B2D2CC57-A993-4390-BFA6-777E78A9E6C2}.Debug|ARM.ActiveCfg = Debug|ARM
		{B2D2CC57-A993-4390-BFA6-777E78A9E6C2}.Debug|ARM.Build.0 = Debug|ARM
		{B2D2CC57-A993-4390-BFA6-777E78A9E6C2}.Debug|ARM.Deploy.0 = Debug|ARM
		{B2D2CC57-A993-4390-BFA6-777E78A9E6C2}.Debug|iPhone.ActiveCfg = Debug|x86
		{B2D2CC57-A993-4390-BFA6-777E78A9E6C2}.Debug|iPhone.Build.0 = Debug|x86
		{B2D2CC57-A993-4390-BFA6-777E78A9E6C2}.Debug|iPhone.Deploy.0 = Debug|x86
		{B2D2CC57-A993-4390-BFA6-777E78A9E6C2}.Debug|iPhoneSimulator.ActiveCfg = Debug|x86
		{B2D2CC57-A993-4390-BFA6-777E78A9E6C2}.Debug|iPhoneSimulator.Build.0 = Debug|x86
		{B2D2CC57-A993-4390-BFA6-777E78A9E6C2}.Debug|iPhoneSimulator.Deploy.0 = Debug|x86
		{B2D2CC57-A993-4390-BFA6-777E78A9E6C2}.Debug|x64.ActiveCfg = Debug|x64
		{B2D2CC57-A993-4390-BFA6-777E78A9E6C2}.Debug|x64.Build.0 = Debug|x64
		{B2D2CC57-A993-4390-BFA6-777E78A9E6C2}.Debug|x64.Deploy.0 = Debug|x64
		{B2D2CC57-A993-4390-BFA6-777E78A9E6C2}.Debug|x86.ActiveCfg = Debug|x86
		{B2D2CC57-A993-4390-BFA6-777E78A9E6C2}.Debug|x86.Build.0 = Debug|x86
		{B2D2CC57-A993-4390-BFA6-777E78A9E6C2}.Debug|x86.Deploy.0 = Debug|x86
		{B2D2CC57-A993-4390-BFA6-777E78A9E6C2}.Release|Any CPU.ActiveCfg = Release|x86
		{B2D2CC57-A993-4390-BFA6-777E78A9E6C2}.Release|Any CPU.Build.0 = Release|x86
		{B2D2CC57-A993-4390-BFA6-777E78A9E6C2}.Release|Any CPU.Deploy.0 = Release|x86
		{B2D2CC57-A993-4390-BFA6-777E78A9E6C2}.Release|ARM.ActiveCfg = Release|ARM
		{B2D2CC57-A993-4390-BFA6-777E78A9E6C2}.Release|ARM.Build.0 = Release|ARM
		{B2D2CC57-A993-4390-BFA6-777E78A9E6C2}.Release|ARM.Deploy.0 = Release|ARM
		{B2D2CC57-A993-4390-BFA6-777E78A9E6C2}.Release|iPhone.ActiveCfg = Release|x86
		{B2D2CC57-A993-4390-BFA6-777E78A9E6C2}.Release|iPhone.Build.0 = Release|x86
		{B2D2CC57-A993-4390-BFA6-777E78A9E6C2}.Release|iPhone.Deploy.0 = Release|x86
		{B2D2CC57-A993-4390-BFA6-777E78A9E6C2}.Release|iPhoneSimulator.ActiveCfg = Release|x86
		{B2D2CC57-A993-4390-BFA6-777E78A9E6C2}.Release|iPhoneSimulator.Build.0 = Release|x86
		{B2D2CC57-A993-4390-BFA6-777E78A9E6C2}.Release|iPhoneSimulator.Deploy.0 = Release|x86
		{B2D2CC57-A993-4390-BFA6-777E78A9E6C2}.Release|x64.ActiveCfg = Release|x64
		{B2D2CC57-A993-4390-BFA6-777E78A9E6C2}.Release|x64.Build.0 = Release|x64
		{B2D2CC57-A993-4390-BFA6-777E78A9E6C2}.Release|x64.Deploy.0 = Release|x64
		{B2D2CC57-A993-4390-BFA6-777E78A9E6C2}.Release|x86.ActiveCfg = Release|x86
		{B2D2CC57-A993-4390-BFA6-777E78A9E6C2}.Release|x86.Build.0 = Release|x86
		{B2D2CC57-A993-4390-BFA6-777E78A9E6C2}.Release|x86.Deploy.0 = Release|x86
		{E94F22DD-319F-46F9-B6A4-19C2A8A5C246}.Ad-Hoc|Any CPU.ActiveCfg = Debug|Any CPU
		{E94F22DD-319F-46F9-B6A4-19C2A8A5C246}.Ad-Hoc|Any CPU.Build.0 = Debug|Any CPU
		{E94F22DD-319F-46F9-B6A4-19C2A8A5C246}.Ad-Hoc|Any CPU.Deploy.0 = Debug|Any CPU
		{E94F22DD-319F-46F9-B6A4-19C2A8A5C246}.Ad-Hoc|ARM.ActiveCfg = Debug|Any CPU
		{E94F22DD-319F-46F9-B6A4-19C2A8A5C246}.Ad-Hoc|ARM.Build.0 = Debug|Any CPU
		{E94F22DD-319F-46F9-B6A4-19C2A8A5C246}.Ad-Hoc|ARM.Deploy.0 = Debug|Any CPU
		{E94F22DD-319F-46F9-B6A4-19C2A8A5C246}.Ad-Hoc|iPhone.ActiveCfg = Debug|Any CPU
		{E94F22DD-319F-46F9-B6A4-19C2A8A5C246}.Ad-Hoc|iPhone.Build.0 = Debug|Any CPU
		{E94F22DD-319F-46F9-B6A4-19C2A8A5C246}.Ad-Hoc|iPhone.Deploy.0 = Debug|Any CPU
		{E94F22DD-319F-46F9-B6A4-19C2A8A5C246}.Ad-Hoc|iPhoneSimulator.ActiveCfg = Debug|Any CPU
		{E94F22DD-319F-46F9-B6A4-19C2A8A5C246}.Ad-Hoc|iPhoneSimulator.Build.0 = Debug|Any CPU
		{E94F22DD-319F-46F9-B6A4-19C2A8A5C246}.Ad-Hoc|iPhoneSimulator.Deploy.0 = Debug|Any CPU
		{E94F22DD-319F-46F9-B6A4-19C2A8A5C246}.Ad-Hoc|x64.ActiveCfg = Debug|Any CPU
		{E94F22DD-319F-46F9-B6A4-19C2A8A5C246}.Ad-Hoc|x64.Build.0 = Debug|Any CPU
		{E94F22DD-319F-46F9-B6A4-19C2A8A5C246}.Ad-Hoc|x64.Deploy.0 = Debug|Any CPU
		{E94F22DD-319F-46F9-B6A4-19C2A8A5C246}.Ad-Hoc|x86.ActiveCfg = Debug|Any CPU
		{E94F22DD-319F-46F9-B6A4-19C2A8A5C246}.Ad-Hoc|x86.Build.0 = Debug|Any CPU
		{E94F22DD-319F-46F9-B6A4-19C2A8A5C246}.Ad-Hoc|x86.Deploy.0 = Debug|Any CPU
		{E94F22DD-319F-46F9-B6A4-19C2A8A5C246}.AppStore|Any CPU.ActiveCfg = Debug|Any CPU
		{E94F22DD-319F-46F9-B6A4-19C2A8A5C246}.AppStore|Any CPU.Build.0 = Debug|Any CPU
		{E94F22DD-319F-46F9-B6A4-19C2A8A5C246}.AppStore|Any CPU.Deploy.0 = Debug|Any CPU
		{E94F22DD-319F-46F9-B6A4-19C2A8A5C246}.AppStore|ARM.ActiveCfg = Debug|Any CPU
		{E94F22DD-319F-46F9-B6A4-19C2A8A5C246}.AppStore|ARM.Build.0 = Debug|Any CPU
		{E94F22DD-319F-46F9-B6A4-19C2A8A5C246}.AppStore|ARM.Deploy.0 = Debug|Any CPU
		{E94F22DD-319F-46F9-B6A4-19C2A8A5C246}.AppStore|iPhone.ActiveCfg = Debug|Any CPU
		{E94F22DD-319F-46F9-B6A4-19C2A8A5C246}.AppStore|iPhone.Build.0 = Debug|Any CPU
		{E94F22DD-319F-46F9-B6A4-19C2A8A5C246}.AppStore|iPhone.Deploy.0 = Debug|Any CPU
		{E94F22DD-319F-46F9-B6A4-19C2A8A5C246}.AppStore|iPhoneSimulator.ActiveCfg = Debug|Any CPU
		{E94F22DD-319F-46F9-B6A4-19C2A8A5C246}.AppStore|iPhoneSimulator.Build.0 = Debug|Any CPU
		{E94F22DD-319F-46F9-B6A4-19C2A8A5C246}.AppStore|iPhoneSimulator.Deploy.0 = Debug|Any CPU
		{E94F22DD-319F-46F9-B6A4-19C2A8A5C246}.AppStore|x64.ActiveCfg = Debug|Any CPU
		{E94F22DD-319F-46F9-B6A4-19C2A8A5C246}.AppStore|x64.Build.0 = Debug|Any CPU
		{E94F22DD-319F-46F9-B6A4-19C2A8A5C246}.AppStore|x64.Deploy.0 = Debug|Any CPU
		{E94F22DD-319F-46F9-B6A4-19C2A8A5C246}.AppStore|x86.ActiveCfg = Debug|Any CPU
		{E94F22DD-319F-46F9-B6A4-19C2A8A5C246}.AppStore|x86.Build.0 = Debug|Any CPU
		{E94F22DD-319F-46F9-B6A4-19C2A8A5C246}.AppStore|x86.Deploy.0 = Debug|Any CPU
		{E94F22DD-319F-46F9-B6A4-19C2A8A5C246}.Debug|Any CPU.ActiveCfg = Debug|Any CPU
		{E94F22DD-319F-46F9-B6A4-19C2A8A5C246}.Debug|Any CPU.Build.0 = Debug|Any CPU
		{E94F22DD-319F-46F9-B6A4-19C2A8A5C246}.Debug|Any CPU.Deploy.0 = Debug|Any CPU
		{E94F22DD-319F-46F9-B6A4-19C2A8A5C246}.Debug|ARM.ActiveCfg = Debug|Any CPU
		{E94F22DD-319F-46F9-B6A4-19C2A8A5C246}.Debug|ARM.Build.0 = Debug|Any CPU
		{E94F22DD-319F-46F9-B6A4-19C2A8A5C246}.Debug|ARM.Deploy.0 = Debug|Any CPU
		{E94F22DD-319F-46F9-B6A4-19C2A8A5C246}.Debug|iPhone.ActiveCfg = Debug|Any CPU
		{E94F22DD-319F-46F9-B6A4-19C2A8A5C246}.Debug|iPhone.Build.0 = Debug|Any CPU
		{E94F22DD-319F-46F9-B6A4-19C2A8A5C246}.Debug|iPhone.Deploy.0 = Debug|Any CPU
		{E94F22DD-319F-46F9-B6A4-19C2A8A5C246}.Debug|iPhoneSimulator.ActiveCfg = Debug|Any CPU
		{E94F22DD-319F-46F9-B6A4-19C2A8A5C246}.Debug|iPhoneSimulator.Build.0 = Debug|Any CPU
		{E94F22DD-319F-46F9-B6A4-19C2A8A5C246}.Debug|iPhoneSimulator.Deploy.0 = Debug|Any CPU
		{E94F22DD-319F-46F9-B6A4-19C2A8A5C246}.Debug|x64.ActiveCfg = Debug|Any CPU
		{E94F22DD-319F-46F9-B6A4-19C2A8A5C246}.Debug|x64.Build.0 = Debug|Any CPU
		{E94F22DD-319F-46F9-B6A4-19C2A8A5C246}.Debug|x64.Deploy.0 = Debug|Any CPU
		{E94F22DD-319F-46F9-B6A4-19C2A8A5C246}.Debug|x86.ActiveCfg = Debug|Any CPU
		{E94F22DD-319F-46F9-B6A4-19C2A8A5C246}.Debug|x86.Build.0 = Debug|Any CPU
		{E94F22DD-319F-46F9-B6A4-19C2A8A5C246}.Debug|x86.Deploy.0 = Debug|Any CPU
		{E94F22DD-319F-46F9-B6A4-19C2A8A5C246}.Release|Any CPU.ActiveCfg = Release|Any CPU
		{E94F22DD-319F-46F9-B6A4-19C2A8A5C246}.Release|Any CPU.Build.0 = Release|Any CPU
		{E94F22DD-319F-46F9-B6A4-19C2A8A5C246}.Release|Any CPU.Deploy.0 = Release|Any CPU
		{E94F22DD-319F-46F9-B6A4-19C2A8A5C246}.Release|ARM.ActiveCfg = Release|Any CPU
		{E94F22DD-319F-46F9-B6A4-19C2A8A5C246}.Release|ARM.Build.0 = Release|Any CPU
		{E94F22DD-319F-46F9-B6A4-19C2A8A5C246}.Release|ARM.Deploy.0 = Release|Any CPU
		{E94F22DD-319F-46F9-B6A4-19C2A8A5C246}.Release|iPhone.ActiveCfg = Release|Any CPU
		{E94F22DD-319F-46F9-B6A4-19C2A8A5C246}.Release|iPhone.Build.0 = Release|Any CPU
		{E94F22DD-319F-46F9-B6A4-19C2A8A5C246}.Release|iPhone.Deploy.0 = Release|Any CPU
		{E94F22DD-319F-46F9-B6A4-19C2A8A5C246}.Release|iPhoneSimulator.ActiveCfg = Release|Any CPU
		{E94F22DD-319F-46F9-B6A4-19C2A8A5C246}.Release|iPhoneSimulator.Build.0 = Release|Any CPU
		{E94F22DD-319F-46F9-B6A4-19C2A8A5C246}.Release|iPhoneSimulator.Deploy.0 = Release|Any CPU
		{E94F22DD-319F-46F9-B6A4-19C2A8A5C246}.Release|x64.ActiveCfg = Release|Any CPU
		{E94F22DD-319F-46F9-B6A4-19C2A8A5C246}.Release|x64.Build.0 = Release|Any CPU
		{E94F22DD-319F-46F9-B6A4-19C2A8A5C246}.Release|x64.Deploy.0 = Release|Any CPU
		{E94F22DD-319F-46F9-B6A4-19C2A8A5C246}.Release|x86.ActiveCfg = Release|Any CPU
		{E94F22DD-319F-46F9-B6A4-19C2A8A5C246}.Release|x86.Build.0 = Release|Any CPU
		{E94F22DD-319F-46F9-B6A4-19C2A8A5C246}.Release|x86.Deploy.0 = Release|Any CPU
	EndGlobalSection
	GlobalSection(SolutionProperties) = preSolution
		HideSolutionNode = FALSE
	EndGlobalSection
	GlobalSection(ExtensibilityGlobals) = postSolution
		SolutionGuid = {A36BA794-85E0-4FAB-88E1-D941447317F1}
	EndGlobalSection
EndGlobal
